
Microsoft Visual Studio Solution File, Format Version 12.00
# Visual Studio 15
VisualStudioVersion = 15.0.28307.438
MinimumVisualStudioVersion = 10.0.40219.1
Project("{FAE04EC0-301F-11D3-BF4B-00C04F79EFBC}") = "Mustachio", "Mustachio\Mustachio.csproj", "{D96AA566-287E-4489-AE56-EA012D42FB59}"
EndProject
Global
	GlobalSection(SolutionConfigurationPlatforms) = preSolution
		Debug|Any CPU = Debug|Any CPU
		Release|Any CPU = Release|Any CPU
	EndGlobalSection
	GlobalSection(ProjectConfigurationPlatforms) = postSolution
		{D96AA566-287E-4489-AE56-EA012D42FB59}.Debug|Any CPU.ActiveCfg = Debug|Any CPU
		{D96AA566-287E-4489-AE56-EA012D42FB59}.Debug|Any CPU.Build.0 = Debug|Any CPU
		{D96AA566-287E-4489-AE56-EA012D42FB59}.Release|Any CPU.ActiveCfg = Release|Any CPU
		{D96AA566-287E-4489-AE56-EA012D42FB59}.Release|Any CPU.Build.0 = Release|Any CPU
	EndGlobalSection
	GlobalSection(SolutionProperties) = preSolution
		HideSolutionNode = FALSE
	EndGlobalSection
	GlobalSection(ExtensibilityGlobals) = postSolution
		SolutionGuid = {8941037F-DBBA-48EE-9047-358E44BC57A4}
	EndGlobalSection
EndGlobal
